version = 1
revision = 3
requires-python = "==3.12.*"

[[package]]
name = "pillow"
version = "12.3.0"
source = { path = "vendor/pillow-12.3.0-cp312-cp312-win_amd64.whl" }
wheels = [
    { filename = "pillow-12.3.0-cp312-cp312-win_amd64.whl", hash = "sha256:cdaeb3104f9dc76a2fdf1b2ac8345c2b9940f70a719f2bd7274e853bd1f6c300" },
]

[package.metadata]
requires-dist = [
    { name = "arro3-compute", marker = "extra == 'test-arrow'" },
    { name = "arro3-core", marker = "extra == 'test-arrow'" },
    { name = "coverage", marker = "extra == 'tests'", specifier = ">=7.4.2" },
    { name = "defusedxml", marker = "extra == 'tests'" },
    { name = "defusedxml", marker = "extra == 'xmp'" },
    { name = "furo", marker = "extra == 'docs'" },
    { name = "markdown2", marker = "extra == 'tests'" },
    { name = "nanoarrow", marker = "extra == 'test-arrow'" },
    { name = "olefile", marker = "extra == 'docs'" },
    { name = "olefile", marker = "extra == 'fpx'" },
    { name = "olefile", marker = "extra == 'mic'" },
    { name = "olefile", marker = "extra == 'tests'" },
    { name = "packaging", marker = "extra == 'tests'" },
    { name = "pyarrow", marker = "extra == 'test-arrow'" },
    { name = "pytest", marker = "extra == 'tests'" },
    { name = "pytest-cov", marker = "extra == 'tests'" },
    { name = "pytest-timeout", marker = "extra == 'tests'" },
    { name = "pytest-xdist", marker = "extra == 'tests'" },
    { name = "setuptools", marker = "extra == 'tests'" },
    { name = "sphinx", marker = "extra == 'docs'", specifier = ">=8.2" },
    { name = "sphinx-autobuild", marker = "extra == 'docs'" },
    { name = "sphinx-copybutton", marker = "extra == 'docs'" },
    { name = "sphinx-inline-tabs", marker = "extra == 'docs'" },
    { name = "sphinxext-opengraph", marker = "extra == 'docs'" },
    { name = "trove-classifiers", marker = "extra == 'tests'", specifier = ">=2024.10.12" },
]
provides-extras = ["docs", "fpx", "mic", "test-arrow", "tests", "xmp"]

[[package]]
name = "pystray"
version = "0.19.5"
source = { registry = "https://pypi.org/simple" }
dependencies = [
    { name = "pillow" },
    { name = "six" },
]

[[package]]
name = "mlac-studio"
version = "0.3.0"
source = { virtual = "." }
dependencies = [
    { name = "pillow" },
    { name = "pystray" },
]

[package.metadata]
requires-dist = [
    { name = "pillow", path = "vendor/pillow-12.3.0-cp312-cp312-win_amd64.whl" },
    { name = "pystray", specifier = "==0.19.5" },
]

[[package]]
name = "six"
version = "1.17.0"
source = { registry = "https://pypi.org/simple" }
